
Microsoft Visual Studio Solution File, Format Version 12.00
# Visual Studio Version 16
VisualStudioVersion = 16.0.31729.503
MinimumVisualStudioVersion = 10.0.40219.1
Project("{FAE04EC0-301F-11D3-BF4B-00C04F79EFBC}") = "Rendering_engine", "Rendering_engine\Rendering_engine.csproj", "{646FC264-A0DC-4F3A-A37A-E5D8DC76A94A}"
EndProject
Global
	GlobalSection(SolutionConfigurationPlatforms) = preSolution
		Debug|Any CPU = Debug|Any CPU
		Release|Any CPU = Release|Any CPU
	EndGlobalSection
	GlobalSection(ProjectConfigurationPlatforms) = postSolution
		{646FC264-A0DC-4F3A-A37A-E5D8DC76A94A}.Debug|Any CPU.ActiveCfg = Debug|Any CPU
		{646FC264-A0DC-4F3A-A37A-E5D8DC76A94A}.Debug|Any CPU.Build.0 = Debug|Any CPU
		{646FC264-A0DC-4F3A-A37A-E5D8DC76A94A}.Release|Any CPU.ActiveCfg = Release|Any CPU
		{646FC264-A0DC-4F3A-A37A-E5D8DC76A94A}.Release|Any CPU.Build.0 = Release|Any CPU
	EndGlobalSection
	GlobalSection(SolutionProperties) = preSolution
		HideSolutionNode = FALSE
	EndGlobalSection
	GlobalSection(ExtensibilityGlobals) = postSolution
		SolutionGuid = {FDDCA907-5AE2-4BBB-A1EC-F7E349598DB9}
	EndGlobalSection
EndGlobal
